{
  "name": "ip5-chatito",
  "version": "1.0.0",
  "lockfileVersion": 1,
  "requires": true,
  "dependencies": {
    "chance": {
      "version": "1.0.18",
      "resolved": "https://registry.npmjs.org/chance/-/chance-1.0.18.tgz",
      "integrity": "sha512-g9YLQVHVZS/3F+zIicfB58vjcxopvYQRp7xHzvyDFDhXH1aRZI/JhwSAO0X5qYiQluoGnaNAU6wByD2KTxJN1A=="
    },
    "chatito": {
      "version": "2.2.1",
      "resolved": "https://registry.npmjs.org/chatito/-/chatito-2.2.1.tgz",
      "integrity": "sha512-pGxNSxIdjf72xnquQakh9WqmOuHvPbecQ9yNB/7rk9kY4YY/+oUcJX8EshPU92wDOBEpPwB0rIilpJRMcqKZqg==",
      "requires": {
        "chance": "1.0.18",
        "minimist": "1.2.0"
      }
    },
    "minimist": {
      "version": "1.2.0",
      "resolved": "https://registry.npmjs.org/minimist/-/minimist-1.2.0.tgz",
      "integrity": "sha1-o1AIsg9BOD7sH7kU9M1d95omQoQ="
    }
  }
}
